github.com/dangersalad/go-commonerror v0.1.2 h1:Pw8lXf6nN0YP7N5i4GqELWQtZxbcKoRO8I+OGm5WSRM=
github.com/dangersalad/go-commonerror v0.1.2/go.mod h1:vTQLRbjbjDM1bzLHt9vDGgHjfGbK12h+KKI5D+5655M=
github.com/dangersalad/go-environment v0.2.2 h1:23nH+FkhfEnQjU5b/WweWHjJgs24dsLRkqElxHi9Lnk=
github.com/dangersalad/go-environment v0.2.2/go.mod h1:tq28E5WUhlOKAY5d2nbTFk0i0E6MnGjzLLNCR0Lo4dE=
github.com/golang-jwt/jwt/v4 v4.4.3 h1:Hxl6lhQFj4AnOX6MLrsCb/+7tCj7DxP7VA+2rDIq5AU=
github.com/golang-jwt/jwt/v4 v4.4.3/go.mod h1:m21LjoU+eqJr34lmDMbreY2eSTRJ1cv77w39/MY0Ch0=
golang.org/x/crypto v0.0.0-20180509205747-2d027ae1dddd h1:SuDTjBhSMCPRh1JuhAAzDbwSCwXa8pv17NTDcIvC1AQ=
golang.org/x/crypto v0.0.0-20180509205747-2d027ae1dddd/go.mod h1:6SG95UA2DQfeDnfUPMdvaQW0Q7yPrPDi9nlGo2tz2b4=
