# This file is autogenerated, do not edit; changes may be undone by the next 'dep ensure'.


[[projects]]
  name = "github.com/dangersalad/go-environment"
  packages = ["."]
  revision = "ffd8b6197eb487f22b879c7d0a57506244839b32"
  version = "v0.2.2"

[[projects]]
  name = "github.com/dgrijalva/jwt-go"
  packages = ["."]
  revision = "06ea1031745cb8b3dab3f6a236daf2b0aa468b7e"
  version = "v3.2.0"

[[projects]]
  name = "github.com/pkg/errors"
  packages = ["."]
  revision = "645ef00459ed84a119197bfb8d8205042c6df63d"
  version = "v0.8.0"

[[projects]]
  branch = "master"
  name = "golang.org/x/crypto"
  packages = [
    "bcrypt",
    "blowfish"
  ]
  revision = "2d027ae1dddd4694d54f7a8b6cbe78dca8720226"

[solve-meta]
  analyzer-name = "dep"
  analyzer-version = 1
  inputs-digest = "0314c2432a243d3e9bc61cfe6c2d8c0e0e170110687e23c186ed853d823452c9"
  solver-name = "gps-cdcl"
  solver-version = 1
